{
  "pins" : [
    {
      "identity" : "column-tax-ios-sdk",
      "kind" : "remoteSourceControl",
      "location" : "https://github.com/column-tax/column-tax-ios-sdk",
      "state" : {
        "branch" : "main",
        "revision" : "3a472308d4a69f549fc4ccbb15989089bd9f2d59"
      }
    }
  ],
  "version" : 2
}
