{
  "pins" : [
    {
      "identity" : "column-tax-ios-sdk",
      "kind" : "remoteSourceControl",
      "location" : "https://github.com/column-tax/column-tax-ios-sdk",
      "state" : {
        "branch" : "main",
        "revision" : "77b987fdb75d74fd86d901b3aa0f9bdb9f97c404"
      }
    }
  ],
  "version" : 2
}
